
Microsoft Visual Studio Solution File, Format Version 12.00
# Visual Studio Version 17
VisualStudioVersion = 17.2.32602.215
MinimumVisualStudioVersion = 10.0.40219.1
Project("{FAE04EC0-301F-11D3-BF4B-00C04F79EFBC}") = "PM02_1P.Android", "PM02_1P.Android\PM02_1P.Android.csproj", "{D738A7FC-4694-4871-AABE-0FC0EC49C25D}"
EndProject
Project("{FAE04EC0-301F-11D3-BF4B-00C04F79EFBC}") = "PM02_1P", "PM02_1P\PM02_1P.csproj", "{27969D55-5232-4686-853C-B1A7A89B46B8}"
EndProject
Global
	GlobalSection(SolutionConfigurationPlatforms) = preSolution
		Debug|Any CPU = Debug|Any CPU
		Release|Any CPU = Release|Any CPU
	EndGlobalSection
	GlobalSection(ProjectConfigurationPlatforms) = postSolution
		{D738A7FC-4694-4871-AABE-0FC0EC49C25D}.Debug|Any CPU.ActiveCfg = Debug|Any CPU
		{D738A7FC-4694-4871-AABE-0FC0EC49C25D}.Debug|Any CPU.Build.0 = Debug|Any CPU
		{D738A7FC-4694-4871-AABE-0FC0EC49C25D}.Debug|Any CPU.Deploy.0 = Debug|Any CPU
		{D738A7FC-4694-4871-AABE-0FC0EC49C25D}.Release|Any CPU.ActiveCfg = Release|Any CPU
		{D738A7FC-4694-4871-AABE-0FC0EC49C25D}.Release|Any CPU.Build.0 = Release|Any CPU
		{D738A7FC-4694-4871-AABE-0FC0EC49C25D}.Release|Any CPU.Deploy.0 = Release|Any CPU
		{27969D55-5232-4686-853C-B1A7A89B46B8}.Debug|Any CPU.ActiveCfg = Debug|Any CPU
		{27969D55-5232-4686-853C-B1A7A89B46B8}.Debug|Any CPU.Build.0 = Debug|Any CPU
		{27969D55-5232-4686-853C-B1A7A89B46B8}.Debug|Any CPU.Deploy.0 = Debug|Any CPU
		{27969D55-5232-4686-853C-B1A7A89B46B8}.Release|Any CPU.ActiveCfg = Release|Any CPU
		{27969D55-5232-4686-853C-B1A7A89B46B8}.Release|Any CPU.Build.0 = Release|Any CPU
		{27969D55-5232-4686-853C-B1A7A89B46B8}.Release|Any CPU.Deploy.0 = Release|Any CPU
	EndGlobalSection
	GlobalSection(SolutionProperties) = preSolution
		HideSolutionNode = FALSE
	EndGlobalSection
	GlobalSection(ExtensibilityGlobals) = postSolution
		SolutionGuid = {4154BB4F-EC50-4724-83C6-8B9238978B9E}
	EndGlobalSection
EndGlobal
